hash: dc97d014020764f0f29fcfba4048702d1189a64bbe142a1805e1d18483991a0b
updated: 2017-02-04T19:49:47.574458189-07:00
imports:
- name: github.com/arschles/assert
  version: 6882f85ccdc7c1822b146d1a6b0c2c48f91b5140
- name: github.com/deis/controller-sdk-go
  version: 9520b6c460202f376856d042ac4864ee951cdf3a
  subpackages:
  - api
  - apps
  - appsettings
  - auth
  - builds
  - certs
  - config
  - domains
  - keys
  - perms
  - pkg/time
  - ps
  - releases
  - tls
  - users
  - whitelist
- name: github.com/deis/pkg
  version: 00e55bded444eea7fadff398f93152e962a0c338
  subpackages:
  - prettyprint
  - time
- name: github.com/docker/docker
  version: 0f5c9d301b9b1cca66b3ea0f9dec3b5317d3686d
  subpackages:
  - pkg/term
- name: github.com/docopt/docopt-go
  version: 784ddc588536785e7299f7272f39101f7faccc3f
- name: github.com/gorilla/websocket
  version: c36f2fe5c330f0ac404b616b96c438b8616b1aaf
- name: github.com/goware/urlx
  version: 8bb4a2e4339f55b15164907177e96e9faf885504
- name: github.com/mattn/go-runewidth
  version: d6bea18f789704b5f83375793155289da36a3c7f
- name: github.com/olekukonko/tablewriter
  version: febf2d34b54a69ce7530036c7503b1c9fbfdf0bb
- name: github.com/PuerkitoBio/purell
  version: 0bcb03f4b4d0a9428594752bd2a3b9aa0a9d4bd4
- name: github.com/PuerkitoBio/urlesc
  version: 5bd2802263f21d8788851d5305584c82a5c75d7e
- name: golang.org/x/crypto
  version: 641ab6b32049cabca26c30bf27baaae445bf4175
  subpackages:
  - ssh/terminal
- name: golang.org/x/net
  version: c2528b2dd8352441850638a8bb678c2ad056fd3e
  subpackages:
  - context
  - idna
- name: golang.org/x/sys
  version: d75a52659825e75fff6158388dddc6a5b04f9ba5
  subpackages:
  - unix
- name: golang.org/x/text
  version: 47a200a05c8b3fd1b698571caecbb68beb2611ec
  subpackages:
  - transform
  - unicode/norm
  - width
- name: gopkg.in/yaml.v2
  version: eca94c41d994ae2215d455ce578ae6e2dc6ee516
testImports: []
